// !$*UTF8*$!
{
	archiveVersion = 1;
	classes = {
	};
	objectVersion = 50;
	objects = {

/* Begin PBXBuildFile section */
		FC1F6AE127BF0C69009E9673 /* AppDelegate.swift in Sources */ = {isa = PBXBuildFile; fileRef = FC1F6AE027BF0C69009E9673 /* AppDelegate.swift */; };
		FC1F6AE327BF0C69009E9673 /* SceneDelegate.swift in Sources */ = {isa = PBXBuildFile; fileRef = FC1F6AE227BF0C69009E9673 /* SceneDelegate.swift */; };
		FC1F6AE527BF0C69009E9673 /* ViewController.swift in Sources */ = {isa = PBXBuildFile; fileRef = FC1F6AE427BF0C69009E9673 /* ViewController.swift */; };
		FC1F6AE827BF0C69009E9673 /* Main.storyboard in Resources */ = {isa = PBXBuildFile; fileRef = FC1F6AE627BF0C69009E9673 /* Main.storyboard */; };
		FC1F6AEB27BF0C69009E9673 /* Calculator.xcdatamodeld in Sources */ = {isa = PBXBuildFile; fileRef = FC1F6AE927BF0C69009E9673 /* Calculator.xcdatamodeld */; };
		FC1F6AED27BF0C6C009E9673 /* Assets.xcassets in Resources */ = {isa = PBXBuildFile; fileRef = FC1F6AEC27BF0C6C009E9673 /* Assets.xcassets */; };
		FC1F6AF027BF0C6C009E9673 /* LaunchScreen.storyboard in Resources */ = {isa = PBXBuildFile; fileRef = FC1F6AEE27BF0C6C009E9673 /* LaunchScreen.storyboard */; };
		FC1F6AFB27BF0C6C009E9673 /* CalculatorTests.swift in Sources */ = {isa = PBXBuildFile; fileRef = FC1F6AFA27BF0C6C009E9673 /* CalculatorTests.swift */; };
		FC1F6B0627BF0C6C009E9673 /* CalculatorUITests.swift in Sources */ = {isa = PBXBuildFile; fileRef = FC1F6B0527BF0C6C009E9673 /* CalculatorUITests.swift */; };
/* End PBXBuildFile section */

/* Begin PBXContainerItemProxy section */
		FC1F6AF727BF0C6C009E9673 /* PBXContainerItemProxy */ = {
			isa = PBXContainerItemProxy;
			containerPortal = FC1F6AD527BF0C69009E9673 /* Project object */;
			proxyType = 1;
			remoteGlobalIDString = FC1F6ADC27BF0C69009E9673;
			remoteInfo = Calculator;
		};
		FC1F6B0227BF0C6C009E9673 /* PBXContainerItemProxy */ = {
			isa = PBXContainerItemProxy;
			containerPortal = FC1F6AD527BF0C69009E9673 /* Project object */;
			proxyType = 1;
			remoteGlobalIDString = FC1F6ADC27BF0C69009E9673;
			remoteInfo = Calculator;
		};
/* End PBXContainerItemProxy section */

/* Begin PBXFileReference section */
		FC1F6ADD27BF0C69009E9673 /* Calculator.app */ = {isa = PBXFileReference; explicitFileType = wrapper.application; includeInIndex = 0; path = Calculator.app; sourceTree = BUILT_PRODUCTS_DIR; };
		FC1F6AE027BF0C69009E9673 /* AppDelegate.swift */ = {isa = PBXFileReference; lastKnownFileType = sourcecode.swift; path = AppDelegate.swift; sourceTree = "<group>"; };
		FC1F6AE227BF0C69009E9673 /* SceneDelegate.swift */ = {isa = PBXFileReference; lastKnownFileType = sourcecode.swift; path = SceneDelegate.swift; sourceTree = "<group>"; };
		FC1F6AE427BF0C69009E9673 /* ViewController.swift */ = {isa = PBXFileReference; lastKnownFileType = sourcecode.swift; path = ViewController.swift; sourceTree = "<group>"; };
		FC1F6AE727BF0C69009E9673 /* Base */ = {isa = PBXFileReference; lastKnownFileType = file.storyboard; name = Base; path = Base.lproj/Main.storyboard; sourceTree = "<group>"; };
		FC1F6AEA27BF0C69009E9673 /* Calculator.xcdatamodel */ = {isa = PBXFileReference; lastKnownFileType = wrapper.xcdatamodel; path = Calculator.xcdatamodel; sourceTree = "<group>"; };
		FC1F6AEC27BF0C6C009E9673 /* Assets.xcassets */ = {isa = PBXFileReference; lastKnownFileType = folder.assetcatalog; path = Assets.xcassets; sourceTree = "<group>"; };
		FC1F6AEF27BF0C6C009E9673 /* Base */ = {isa = PBXFileReference; lastKnownFileType = file.storyboard; name = Base; path = Base.lproj/LaunchScreen.storyboard; sourceTree = "<group>"; };
		FC1F6AF127BF0C6C009E9673 /* Info.plist */ = {isa = PBXFileReference; lastKnownFileType = text.plist.xml; path = Info.plist; sourceTree = "<group>"; };
		FC1F6AF627BF0C6C009E9673 /* CalculatorTests.xctest */ = {isa = PBXFileReference; explicitFileType = wrapper.cfbundle; includeInIndex = 0; path = CalculatorTests.xctest; sourceTree = BUILT_PRODUCTS_DIR; };
		FC1F6AFA27BF0C6C009E9673 /* CalculatorTests.swift */ = {isa = PBXFileReference; lastKnownFileType = sourcecode.swift; path = CalculatorTests.swift; sourceTree = "<group>"; };
		FC1F6AFC27BF0C6C009E9673 /* Info.plist */ = {isa = PBXFileReference; lastKnownFileType = text.plist.xml; path = Info.plist; sourceTree = "<group>"; };
		FC1F6B0127BF0C6C009E9673 /* CalculatorUITests.xctest */ = {isa = PBXFileReference; explicitFileType = wrapper.cfbundle; includeInIndex = 0; path = CalculatorUITests.xctest; sourceTree = BUILT_PRODUCTS_DIR; };
		FC1F6B0527BF0C6C009E9673 /* CalculatorUITests.swift */ = {isa = PBXFileReference; lastKnownFileType = sourcecode.swift; path = CalculatorUITests.swift; sourceTree = "<group>"; };
		FC1F6B0727BF0C6C009E9673 /* Info.plist */ = {isa = PBXFileReference; lastKnownFileType = text.plist.xml; path = Info.plist; sourceTree = "<group>"; };
/* End PBXFileReference section */

/* Begin PBXFrameworksBuildPhase section */
		FC1F6ADA27BF0C69009E9673 /* Frameworks */ = {
			isa = PBXFrameworksBuildPhase;
			buildActionMask = 2147483647;
			files = (
			);
			runOnlyForDeploymentPostprocessing = 0;
		};
		FC1F6AF327BF0C6C009E9673 /* Frameworks */ = {
			isa = PBXFrameworksBuildPhase;
			buildActionMask = 2147483647;
			files = (
			);
			runOnlyForDeploymentPostprocessing = 0;
		};
		FC1F6AFE27BF0C6C009E9673 /* Frameworks */ = {
			isa = PBXFrameworksBuildPhase;
			buildActionMask = 2147483647;
			files = (
			);
			runOnlyForDeploymentPostprocessing = 0;
		};
/* End PBXFrameworksBuildPhase section */

/* Begin PBXGroup section */
		FC1F6AD427BF0C69009E9673 = {
			isa = PBXGroup;
			children = (
				FC1F6ADF27BF0C69009E9673 /* Calculator */,
				FC1F6AF927BF0C6C009E9673 /* CalculatorTests */,
				FC1F6B0427BF0C6C009E9673 /* CalculatorUITests */,
				FC1F6ADE27BF0C69009E9673 /* Products */,
			);
			sourceTree = "<group>";
		};
		FC1F6ADE27BF0C69009E9673 /* Products */ = {
			isa = PBXGroup;
			children = (
				FC1F6ADD27BF0C69009E9673 /* Calculator.app */,
				FC1F6AF627BF0C6C009E9673 /* CalculatorTests.xctest */,
				FC1F6B0127BF0C6C009E9673 /* CalculatorUITests.xctest */,
			);
			name = Products;
			sourceTree = "<group>";
		};
		FC1F6ADF27BF0C69009E9673 /* Calculator */ = {
			isa = PBXGroup;
			children = (
				FC1F6AE027BF0C69009E9673 /* AppDelegate.swift */,
				FC1F6AE227BF0C69009E9673 /* SceneDelegate.swift */,
				FC1F6AE427BF0C69009E9673 /* ViewController.swift */,
				FC1F6AE627BF0C69009E9673 /* Main.storyboard */,
				FC1F6AEC27BF0C6C009E9673 /* Assets.xcassets */,
				FC1F6AEE27BF0C6C009E9673 /* LaunchScreen.storyboard */,
				FC1F6AF127BF0C6C009E9673 /* Info.plist */,
				FC1F6AE927BF0C69009E9673 /* Calculator.xcdatamodeld */,
			);
			path = Calculator;
			sourceTree = "<group>";
		};
		FC1F6AF927BF0C6C009E9673 /* CalculatorTests */ = {
			isa = PBXGroup;
			children = (
				FC1F6AFA27BF0C6C009E9673 /* CalculatorTests.swift */,
				FC1F6AFC27BF0C6C009E9673 /* Info.plist */,
			);
			path = CalculatorTests;
			sourceTree = "<group>";
		};
		FC1F6B0427BF0C6C009E9673 /* CalculatorUITests */ = {
			isa = PBXGroup;
			children = (
				FC1F6B0527BF0C6C009E9673 /* CalculatorUITests.swift */,
				FC1F6B0727BF0C6C009E9673 /* Info.plist */,
			);
			path = CalculatorUITests;
			sourceTree = "<group>";
		};
/* End PBXGroup section */

/* Begin PBXNativeTarget section */
		FC1F6ADC27BF0C69009E9673 /* Calculator */ = {
			isa = PBXNativeTarget;
			buildConfigurationList = FC1F6B0A27BF0C6C009E9673 /* Build configuration list for PBXNativeTarget "Calculator" */;
			buildPhases = (
				FC1F6AD927BF0C69009E9673 /* Sources */,
				FC1F6ADA27BF0C69009E9673 /* Frameworks */,
				FC1F6ADB27BF0C69009E9673 /* Resources */,
			);
			buildRules = (
			);
			dependencies = (
			);
			name = Calculator;
			productName = Calculator;
			productReference = FC1F6ADD27BF0C69009E9673 /* Calculator.app */;
			productType = "com.apple.product-type.application";
		};
		FC1F6AF527BF0C6C009E9673 /* CalculatorTests */ = {
			isa = PBXNativeTarget;
			buildConfigurationList = FC1F6B0D27BF0C6C009E9673 /* Build configuration list for PBXNativeTarget "CalculatorTests" */;
			buildPhases = (
				FC1F6AF227BF0C6C009E9673 /* Sources */,
				FC1F6AF327BF0C6C009E9673 /* Frameworks */,
				FC1F6AF427BF0C6C009E9673 /* Resources */,
			);
			buildRules = (
			);
			dependencies = (
				FC1F6AF827BF0C6C009E9673 /* PBXTargetDependency */,
			);
			name = CalculatorTests;
			productName = CalculatorTests;
			productReference = FC1F6AF627BF0C6C009E9673 /* CalculatorTests.xctest */;
			productType = "com.apple.product-type.bundle.unit-test";
		};
		FC1F6B0027BF0C6C009E9673 /* CalculatorUITests */ = {
			isa = PBXNativeTarget;
			buildConfigurationList = FC1F6B1027BF0C6C009E9673 /* Build configuration list for PBXNativeTarget "CalculatorUITests" */;
			buildPhases = (
				FC1F6AFD27BF0C6C009E9673 /* Sources */,
				FC1F6AFE27BF0C6C009E9673 /* Frameworks */,
				FC1F6AFF27BF0C6C009E9673 /* Resources */,
			);
			buildRules = (
			);
			dependencies = (
				FC1F6B0327BF0C6C009E9673 /* PBXTargetDependency */,
			);
			name = CalculatorUITests;
			productName = CalculatorUITests;
			productReference = FC1F6B0127BF0C6C009E9673 /* CalculatorUITests.xctest */;
			productType = "com.apple.product-type.bundle.ui-testing";
		};
/* End PBXNativeTarget section */

/* Begin PBXProject section */
		FC1F6AD527BF0C69009E9673 /* Project object */ = {
			isa = PBXProject;
			attributes = {
				LastSwiftUpdateCheck = 1250;
				LastUpgradeCheck = 1250;
				TargetAttributes = {
					FC1F6ADC27BF0C69009E9673 = {
						CreatedOnToolsVersion = 12.5.1;
					};
					FC1F6AF527BF0C6C009E9673 = {
						CreatedOnToolsVersion = 12.5.1;
						TestTargetID = FC1F6ADC27BF0C69009E9673;
					};
					FC1F6B0027BF0C6C009E9673 = {
						CreatedOnToolsVersion = 12.5.1;
						TestTargetID = FC1F6ADC27BF0C69009E9673;
					};
				};
			};
			buildConfigurationList = FC1F6AD827BF0C69009E9673 /* Build configuration list for PBXProject "Calculator" */;
			compatibilityVersion = "Xcode 9.3";
			developmentRegion = en;
			hasScannedForEncodings = 0;
			knownRegions = (
				en,
				Base,
			);
			mainGroup = FC1F6AD427BF0C69009E9673;
			productRefGroup = FC1F6ADE27BF0C69009E9673 /* Products */;
			projectDirPath = "";
			projectRoot = "";
			targets = (
				FC1F6ADC27BF0C69009E9673 /* Calculator */,
				FC1F6AF527BF0C6C009E9673 /* CalculatorTests */,
				FC1F6B0027BF0C6C009E9673 /* CalculatorUITests */,
			);
		};
/* End PBXProject section */

/* Begin PBXResourcesBuildPhase section */
		FC1F6ADB27BF0C69009E9673 /* Resources */ = {
			isa = PBXResourcesBuildPhase;
			buildActionMask = 2147483647;
			files = (
				FC1F6AF027BF0C6C009E9673 /* LaunchScreen.storyboard in Resources */,
				FC1F6AED27BF0C6C009E9673 /* Assets.xcassets in Resources */,
				FC1F6AE827BF0C69009E9673 /* Main.storyboard in Resources */,
			);
			runOnlyForDeploymentPostprocessing = 0;
		};
		FC1F6AF427BF0C6C009E9673 /* Resources */ = {
			isa = PBXResourcesBuildPhase;
			buildActionMask = 2147483647;
			files = (
			);
			runOnlyForDeploymentPostprocessing = 0;
		};
		FC1F6AFF27BF0C6C009E9673 /* Resources */ = {
			isa = PBXResourcesBuildPhase;
			buildActionMask = 2147483647;
			files = (
			);
			runOnlyForDeploymentPostprocessing = 0;
		};
/* End PBXResourcesBuildPhase section */

/* Begin PBXSourcesBuildPhase section */
		FC1F6AD927BF0C69009E9673 /* Sources */ = {
			isa = PBXSourcesBuildPhase;
			buildActionMask = 2147483647;
			files = (
				FC1F6AE527BF0C69009E9673 /* ViewController.swift in Sources */,
				FC1F6AEB27BF0C69009E9673 /* Calculator.xcdatamodeld in Sources */,
				FC1F6AE127BF0C69009E9673 /* AppDelegate.swift in Sources */,
				FC1F6AE327BF0C69009E9673 /* SceneDelegate.swift in Sources */,
			);
			runOnlyForDeploymentPostprocessing = 0;
		};
		FC1F6AF227BF0C6C009E9673 /* Sources */ = {
			isa = PBXSourcesBuildPhase;
			buildActionMask = 2147483647;
			files = (
				FC1F6AFB27BF0C6C009E9673 /* CalculatorTests.swift in Sources */,
			);
			runOnlyForDeploymentPostprocessing = 0;
		};
		FC1F6AFD27BF0C6C009E9673 /* Sources */ = {
			isa = PBXSourcesBuildPhase;
			buildActionMask = 2147483647;
			files = (
				FC1F6B0627BF0C6C009E9673 /* CalculatorUITests.swift in Sources */,
			);
			runOnlyForDeploymentPostprocessing = 0;
		};
/* End PBXSourcesBuildPhase section */

/* Begin PBXTargetDependency section */
		FC1F6AF827BF0C6C009E9673 /* PBXTargetDependency */ = {
			isa = PBXTargetDependency;
			target = FC1F6ADC27BF0C69009E9673 /* Calculator */;
			targetProxy = FC1F6AF727BF0C6C009E9673 /* PBXContainerItemProxy */;
		};
		FC1F6B0327BF0C6C009E9673 /* PBXTargetDependency */ = {
			isa = PBXTargetDependency;
			target = FC1F6ADC27BF0C69009E9673 /* Calculator */;
			targetProxy = FC1F6B0227BF0C6C009E9673 /* PBXContainerItemProxy */;
		};
/* End PBXTargetDependency section */

/* Begin PBXVariantGroup section */
		FC1F6AE627BF0C69009E9673 /* Main.storyboard */ = {
			isa = PBXVariantGroup;
			children = (
				FC1F6AE727BF0C69009E9673 /* Base */,
			);
			name = Main.storyboard;
			sourceTree = "<group>";
		};
		FC1F6AEE27BF0C6C009E9673 /* LaunchScreen.storyboard */ = {
			isa = PBXVariantGroup;
			children = (
				FC1F6AEF27BF0C6C009E9673 /* Base */,
			);
			name = LaunchScreen.storyboard;
			sourceTree = "<group>";
		};
/* End PBXVariantGroup section */

/* Begin XCBuildConfiguration section */
		FC1F6B0827BF0C6C009E9673 /* Debug */ = {
			isa = XCBuildConfiguration;
			buildSettings = {
				ALWAYS_SEARCH_USER_PATHS = NO;
				CLANG_ANALYZER_NONNULL = YES;
				CLANG_ANALYZER_NUMBER_OBJECT_CONVERSION = YES_AGGRESSIVE;
				CLANG_CXX_LANGUAGE_STANDARD = "gnu++14";
				CLANG_CXX_LIBRARY = "libc++";
				CLANG_ENABLE_MODULES = YES;
				CLANG_ENABLE_OBJC_ARC = YES;
				CLANG_ENABLE_OBJC_WEAK = YES;
				CLANG_WARN_BLOCK_CAPTURE_AUTORELEASING = YES;
				CLANG_WARN_BOOL_CONVERSION = YES;
				CLANG_WARN_COMMA = YES;
				CLANG_WARN_CONSTANT_CONVERSION = YES;
				CLANG_WARN_DEPRECATED_OBJC_IMPLEMENTATIONS = YES;
				CLANG_WARN_DIRECT_OBJC_ISA_USAGE = YES_ERROR;
				CLANG_WARN_DOCUMENTATION_COMMENTS = YES;
				CLANG_WARN_EMPTY_BODY = YES;
				CLANG_WARN_ENUM_CONVERSION = YES;
				CLANG_WARN_INFINITE_RECURSION = YES;
				CLANG_WARN_INT_CONVERSION = YES;
				CLANG_WARN_NON_LITERAL_NULL_CONVERSION = YES;
				CLANG_WARN_OBJC_IMPLICIT_RETAIN_SELF = YES;
				CLANG_WARN_OBJC_LITERAL_CONVERSION = YES;
				CLANG_WARN_OBJC_ROOT_CLASS = YES_ERROR;
				CLANG_WARN_QUOTED_INCLUDE_IN_FRAMEWORK_HEADER = YES;
				CLANG_WARN_RANGE_LOOP_ANALYSIS = YES;
				CLANG_WARN_STRICT_PROTOTYPES = YES;
				CLANG_WARN_SUSPICIOUS_MOVE = YES;
				CLANG_WARN_UNGUARDED_AVAILABILITY = YES_AGGRESSIVE;
				CLANG_WARN_UNREACHABLE_CODE = YES;
				CLANG_WARN__DUPLICATE_METHOD_MATCH = YES;
				COPY_PHASE_STRIP = NO;
				DEBUG_INFORMATION_FORMAT = dwarf;
				ENABLE_STRICT_OBJC_MSGSEND = YES;
				ENABLE_TESTABILITY = YES;
				GCC_C_LANGUAGE_STANDARD = gnu11;
				GCC_DYNAMIC_NO_PIC = NO;
				GCC_NO_COMMON_BLOCKS = YES;
				GCC_OPTIMIZATION_LEVEL = 0;
				GCC_PREPROCESSOR_DEFINITIONS = (
					"DEBUG=1",
					"$(inherited)",
				);
				GCC_WARN_64_TO_32_BIT_CONVERSION = YES;
				GCC_WARN_ABOUT_RETURN_TYPE = YES_ERROR;
				GCC_WARN_UNDECLARED_SELECTOR = YES;
				GCC_WARN_UNINITIALIZED_AUTOS = YES_AGGRESSIVE;
				GCC_WARN_UNUSED_FUNCTION = YES;
				GCC_WARN_UNUSED_VARIABLE = YES;
				IPHONEOS_DEPLOYMENT_TARGET = 14.5;
				MTL_ENABLE_DEBUG_INFO = INCLUDE_SOURCE;
				MTL_FAST_MATH = YES;
				ONLY_ACTIVE_ARCH = YES;
				SDKROOT = iphoneos;
				SWIFT_ACTIVE_COMPILATION_CONDITIONS = DEBUG;
				SWIFT_OPTIMIZATION_LEVEL = "-Onone";
			};
			name = Debug;
		};
		FC1F6B0927BF0C6C009E9673 /* Release */ = {
			isa = XCBuildConfiguration;
			buildSettings = {
				ALWAYS_SEARCH_USER_PATHS = NO;
				CLANG_ANALYZER_NONNULL = YES;
				CLANG_ANALYZER_NUMBER_OBJECT_CONVERSION = YES_AGGRESSIVE;
				CLANG_CXX_LANGUAGE_STANDARD = "gnu++14";
				CLANG_CXX_LIBRARY = "libc++";
				CLANG_ENABLE_MODULES = YES;
				CLANG_ENABLE_OBJC_ARC = YES;
				CLANG_ENABLE_OBJC_WEAK = YES;
				CLANG_WARN_BLOCK_CAPTURE_AUTORELEASING = YES;
				CLANG_WARN_BOOL_CONVERSION = YES;
				CLANG_WARN_COMMA = YES;
				CLANG_WARN_CONSTANT_CONVERSION = YES;
				CLANG_WARN_DEPRECATED_OBJC_IMPLEMENTATIONS = YES;
				CLANG_WARN_DIRECT_OBJC_ISA_USAGE = YES_ERROR;
				CLANG_WARN_DOCUMENTATION_COMMENTS = YES;
				CLANG_WARN_EMPTY_BODY = YES;
				CLANG_WARN_ENUM_CONVERSION = YES;
				CLANG_WARN_INFINITE_RECURSION = YES;
				CLANG_WARN_INT_CONVERSION = YES;
				CLANG_WARN_NON_LITERAL_NULL_CONVERSION = YES;
				CLANG_WARN_OBJC_IMPLICIT_RETAIN_SELF = YES;
				CLANG_WARN_OBJC_LITERAL_CONVERSION = YES;
				CLANG_WARN_OBJC_ROOT_CLASS = YES_ERROR;
				CLANG_WARN_QUOTED_INCLUDE_IN_FRAMEWORK_HEADER = YES;
				CLANG_WARN_RANGE_LOOP_ANALYSIS = YES;
				CLANG_WARN_STRICT_PROTOTYPES = YES;
				CLANG_WARN_SUSPICIOUS_MOVE = YES;
				CLANG_WARN_UNGUARDED_AVAILABILITY = YES_AGGRESSIVE;
				CLANG_WARN_UNREACHABLE_CODE = YES;
				CLANG_WARN__DUPLICATE_METHOD_MATCH = YES;
				COPY_PHASE_STRIP = NO;
				DEBUG_INFORMATION_FORMAT = "dwarf-with-dsym";
				ENABLE_NS_ASSERTIONS = NO;
				ENABLE_STRICT_OBJC_MSGSEND = YES;
				GCC_C_LANGUAGE_STANDARD = gnu11;
				GCC_NO_COMMON_BLOCKS = YES;
				GCC_WARN_64_TO_32_BIT_CONVERSION = YES;
				GCC_WARN_ABOUT_RETURN_TYPE = YES_ERROR;
				GCC_WARN_UNDECLARED_SELECTOR = YES;
				GCC_WARN_UNINITIALIZED_AUTOS = YES_AGGRESSIVE;
				GCC_WARN_UNUSED_FUNCTION = YES;
				GCC_WARN_UNUSED_VARIABLE = YES;
				IPHONEOS_DEPLOYMENT_TARGET = 14.5;
				MTL_ENABLE_DEBUG_INFO = NO;
				MTL_FAST_MATH = YES;
				SDKROOT = iphoneos;
				SWIFT_COMPILATION_MODE = wholemodule;
				SWIFT_OPTIMIZATION_LEVEL = "-O";
				VALIDATE_PRODUCT = YES;
			};
			name = Release;
		};
		FC1F6B0B27BF0C6C009E9673 /* Debug */ = {
			isa = XCBuildConfiguration;
			buildSettings = {
				ASSETCATALOG_COMPILER_APPICON_NAME = AppIcon;
				ASSETCATALOG_COMPILER_GLOBAL_ACCENT_COLOR_NAME = AccentColor;
				CODE_SIGN_STYLE = Automatic;
				DEVELOPMENT_TEAM = YHNN4VPXK7;
				INFOPLIST_FILE = Calculator/Info.plist;
				LD_RUNPATH_SEARCH_PATHS = (
					"$(inherited)",
					"@executable_path/Frameworks",
				);
				PRODUCT_BUNDLE_IDENTIFIER = com.ahmedtahaelnaghy.Calculator;
				PRODUCT_NAME = "$(TARGET_NAME)";
				SWIFT_VERSION = 5.0;
				TARGETED_DEVICE_FAMILY = "1,2";
			};
			name = Debug;
		};
		FC1F6B0C27BF0C6C009E9673 /* Release */ = {
			isa = XCBuildConfiguration;
			buildSettings = {
				ASSETCATALOG_COMPILER_APPICON_NAME = AppIcon;
				ASSETCATALOG_COMPILER_GLOBAL_ACCENT_COLOR_NAME = AccentColor;
				CODE_SIGN_STYLE = Automatic;
				DEVELOPMENT_TEAM = YHNN4VPXK7;
				INFOPLIST_FILE = Calculator/Info.plist;
				LD_RUNPATH_SEARCH_PATHS = (
					"$(inherited)",
					"@executable_path/Frameworks",
				);
				PRODUCT_BUNDLE_IDENTIFIER = com.ahmedtahaelnaghy.Calculator;
				PRODUCT_NAME = "$(TARGET_NAME)";
				SWIFT_VERSION = 5.0;
				TARGETED_DEVICE_FAMILY = "1,2";
			};
			name = Release;
		};
		FC1F6B0E27BF0C6C009E9673 /* Debug */ = {
			isa = XCBuildConfiguration;
			buildSettings = {
				ALWAYS_EMBED_SWIFT_STANDARD_LIBRARIES = YES;
				BUNDLE_LOADER = "$(TEST_HOST)";
				CODE_SIGN_STYLE = Automatic;
				DEVELOPMENT_TEAM = YHNN4VPXK7;
				INFOPLIST_FILE = CalculatorTests/Info.plist;
				IPHONEOS_DEPLOYMENT_TARGET = 14.5;
				LD_RUNPATH_SEARCH_PATHS = (
					"$(inherited)",
					"@executable_path/Frameworks",
					"@loader_path/Frameworks",
				);
				PRODUCT_BUNDLE_IDENTIFIER = com.ahmedtahaelnaghy.CalculatorTests;
				PRODUCT_NAME = "$(TARGET_NAME)";
				SWIFT_VERSION = 5.0;
				TARGETED_DEVICE_FAMILY = "1,2";
				TEST_HOST = "$(BUILT_PRODUCTS_DIR)/Calculator.app/Calculator";
			};
			name = Debug;
		};
		FC1F6B0F27BF0C6C009E9673 /* Release */ = {
			isa = XCBuildConfiguration;
			buildSettings = {
				ALWAYS_EMBED_SWIFT_STANDARD_LIBRARIES = YES;
				BUNDLE_LOADER = "$(TEST_HOST)";
				CODE_SIGN_STYLE = Automatic;
				DEVELOPMENT_TEAM = YHNN4VPXK7;
				INFOPLIST_FILE = CalculatorTests/Info.plist;
				IPHONEOS_DEPLOYMENT_TARGET = 14.5;
				LD_RUNPATH_SEARCH_PATHS = (
					"$(inherited)",
					"@executable_path/Frameworks",
					"@loader_path/Frameworks",
				);
				PRODUCT_BUNDLE_IDENTIFIER = com.ahmedtahaelnaghy.CalculatorTests;
				PRODUCT_NAME = "$(TARGET_NAME)";
				SWIFT_VERSION = 5.0;
				TARGETED_DEVICE_FAMILY = "1,2";
				TEST_HOST = "$(BUILT_PRODUCTS_DIR)/Calculator.app/Calculator";
			};
			name = Release;
		};
		FC1F6B1127BF0C6C009E9673 /* Debug */ = {
			isa = XCBuildConfiguration;
			buildSettings = {
				ALWAYS_EMBED_SWIFT_STANDARD_LIBRARIES = YES;
				CODE_SIGN_STYLE = Automatic;
				DEVELOPMENT_TEAM = YHNN4VPXK7;
				INFOPLIST_FILE = CalculatorUITests/Info.plist;
				LD_RUNPATH_SEARCH_PATHS = (
					"$(inherited)",
					"@executable_path/Frameworks",
					"@loader_path/Frameworks",
				);
				PRODUCT_BUNDLE_IDENTIFIER = com.ahmedtahaelnaghy.CalculatorUITests;
				PRODUCT_NAME = "$(TARGET_NAME)";
				SWIFT_VERSION = 5.0;
				TARGETED_DEVICE_FAMILY = "1,2";
				TEST_TARGET_NAME = Calculator;
			};
			name = Debug;
		};
		FC1F6B1227BF0C6C009E9673 /* Release */ = {
			isa = XCBuildConfiguration;
			buildSettings = {
				ALWAYS_EMBED_SWIFT_STANDARD_LIBRARIES = YES;
				CODE_SIGN_STYLE = Automatic;
				DEVELOPMENT_TEAM = YHNN4VPXK7;
				INFOPLIST_FILE = CalculatorUITests/Info.plist;
				LD_RUNPATH_SEARCH_PATHS = (
					"$(inherited)",
					"@executable_path/Frameworks",
					"@loader_path/Frameworks",
				);
				PRODUCT_BUNDLE_IDENTIFIER = com.ahmedtahaelnaghy.CalculatorUITests;
				PRODUCT_NAME = "$(TARGET_NAME)";
				SWIFT_VERSION = 5.0;
				TARGETED_DEVICE_FAMILY = "1,2";
				TEST_TARGET_NAME = Calculator;
			};
			name = Release;
		};
/* End XCBuildConfiguration section */

/* Begin XCConfigurationList section */
		FC1F6AD827BF0C69009E9673 /* Build configuration list for PBXProject "Calculator" */ = {
			isa = XCConfigurationList;
			buildConfigurations = (
				FC1F6B0827BF0C6C009E9673 /* Debug */,
				FC1F6B0927BF0C6C009E9673 /* Release */,
			);
			defaultConfigurationIsVisible = 0;
			defaultConfigurationName = Release;
		};
		FC1F6B0A27BF0C6C009E9673 /* Build configuration list for PBXNativeTarget "Calculator" */ = {
			isa = XCConfigurationList;
			buildConfigurations = (
				FC1F6B0B27BF0C6C009E9673 /* Debug */,
				FC1F6B0C27BF0C6C009E9673 /* Release */,
			);
			defaultConfigurationIsVisible = 0;
			defaultConfigurationName = Release;
		};
		FC1F6B0D27BF0C6C009E9673 /* Build configuration list for PBXNativeTarget "CalculatorTests" */ = {
			isa = XCConfigurationList;
			buildConfigurations = (
				FC1F6B0E27BF0C6C009E9673 /* Debug */,
				FC1F6B0F27BF0C6C009E9673 /* Release */,
			);
			defaultConfigurationIsVisible = 0;
			defaultConfigurationName = Release;
		};
		FC1F6B1027BF0C6C009E9673 /* Build configuration list for PBXNativeTarget "CalculatorUITests" */ = {
			isa = XCConfigurationList;
			buildConfigurations = (
				FC1F6B1127BF0C6C009E9673 /* Debug */,
				FC1F6B1227BF0C6C009E9673 /* Release */,
			);
			defaultConfigurationIsVisible = 0;
			defaultConfigurationName = Release;
		};
/* End XCConfigurationList section */

/* Begin XCVersionGroup section */
		FC1F6AE927BF0C69009E9673 /* Calculator.xcdatamodeld */ = {
			isa = XCVersionGroup;
			children = (
				FC1F6AEA27BF0C69009E9673 /* Calculator.xcdatamodel */,
			);
			currentVersion = FC1F6AEA27BF0C69009E9673 /* Calculator.xcdatamodel */;
			path = Calculator.xcdatamodeld;
			sourceTree = "<group>";
			versionGroupType = wrapper.xcdatamodel;
		};
/* End XCVersionGroup section */
	};
	rootObject = FC1F6AD527BF0C69009E9673 /* Project object */;
}
